
Microsoft Visual Studio Solution File, Format Version 12.00
# Visual Studio 14
VisualStudioVersion = 14.0.23107.0
MinimumVisualStudioVersion = 10.0.40219.1
Project("{FAE04EC0-301F-11D3-BF4B-00C04F79EFBC}") = "S00162036Week6Lab2", "S00162036Week6Lab2\S00162036Week6Lab2.csproj", "{CEBD08E4-D17A-4467-9EED-44025A11D5DC}"
EndProject
Global
	GlobalSection(SolutionConfigurationPlatforms) = preSolution
		Debug|Any CPU = Debug|Any CPU
		Release|Any CPU = Release|Any CPU
	EndGlobalSection
	GlobalSection(ProjectConfigurationPlatforms) = postSolution
		{CEBD08E4-D17A-4467-9EED-44025A11D5DC}.Debug|Any CPU.ActiveCfg = Debug|Any CPU
		{CEBD08E4-D17A-4467-9EED-44025A11D5DC}.Debug|Any CPU.Build.0 = Debug|Any CPU
		{CEBD08E4-D17A-4467-9EED-44025A11D5DC}.Release|Any CPU.ActiveCfg = Release|Any CPU
		{CEBD08E4-D17A-4467-9EED-44025A11D5DC}.Release|Any CPU.Build.0 = Release|Any CPU
	EndGlobalSection
	GlobalSection(SolutionProperties) = preSolution
		HideSolutionNode = FALSE
	EndGlobalSection
EndGlobal
